// !$*UTF8*$!
{
	archiveVersion = 1;
	classes = {
	};
	objectVersion = 46;
	objects = {

/* Begin PBXBuildFile section */
		DCA72E3D1C98079F002333A1 /* main.m in Sources */ = {isa = PBXBuildFile; fileRef = DCA72E3C1C98079F002333A1 /* main.m */; };
		DCA72E401C98079F002333A1 /* AppDelegate.m in Sources */ = {isa = PBXBuildFile; fileRef = DCA72E3F1C98079F002333A1 /* AppDelegate.m */; };
		DCA72E461C98079F002333A1 /* Main.storyboard in Resources */ = {isa = PBXBuildFile; fileRef = DCA72E441C98079F002333A1 /* Main.storyboard */; };
		DCA72E481C98079F002333A1 /* Assets.xcassets in Resources */ = {isa = PBXBuildFile; fileRef = DCA72E471C98079F002333A1 /* Assets.xcassets */; };
		DCA72E4B1C98079F002333A1 /* LaunchScreen.storyboard in Resources */ = {isa = PBXBuildFile; fileRef = DCA72E491C98079F002333A1 /* LaunchScreen.storyboard */; };
		DCA72E541C9807D6002333A1 /* UsefullMobileView.m in Sources */ = {isa = PBXBuildFile; fileRef = DCA72E531C9807D6002333A1 /* UsefullMobileView.m */; };
		DCA72E581C98080D002333A1 /* mobileOne.m in Sources */ = {isa = PBXBuildFile; fileRef = DCA72E571C98080D002333A1 /* mobileOne.m */; };
		DCA72E5C1C980C1B002333A1 /* mobileTwo.m in Sources */ = {isa = PBXBuildFile; fileRef = DCA72E5B1C980C1B002333A1 /* mobileTwo.m */; };
		DCA72E5F1C980C30002333A1 /* mobileTree.m in Sources */ = {isa = PBXBuildFile; fileRef = DCA72E5E1C980C30002333A1 /* mobileTree.m */; };
		DCA72E611C981A81002333A1 /* phone.png in Resources */ = {isa = PBXBuildFile; fileRef = DCA72E601C981A81002333A1 /* phone.png */; };
/* End PBXBuildFile section */

/* Begin PBXFileReference section */
		DCA72E381C98079E002333A1 /* usefulMobile.app */ = {isa = PBXFileReference; explicitFileType = wrapper.application; includeInIndex = 0; path = usefulMobile.app; sourceTree = BUILT_PRODUCTS_DIR; };
		DCA72E3C1C98079F002333A1 /* main.m */ = {isa = PBXFileReference; lastKnownFileType = sourcecode.c.objc; path = main.m; sourceTree = "<group>"; };
		DCA72E3E1C98079F002333A1 /* AppDelegate.h */ = {isa = PBXFileReference; lastKnownFileType = sourcecode.c.h; path = AppDelegate.h; sourceTree = "<group>"; };
		DCA72E3F1C98079F002333A1 /* AppDelegate.m */ = {isa = PBXFileReference; lastKnownFileType = sourcecode.c.objc; path = AppDelegate.m; sourceTree = "<group>"; };
		DCA72E451C98079F002333A1 /* Base */ = {isa = PBXFileReference; lastKnownFileType = file.storyboard; name = Base; path = Base.lproj/Main.storyboard; sourceTree = "<group>"; };
		DCA72E471C98079F002333A1 /* Assets.xcassets */ = {isa = PBXFileReference; lastKnownFileType = folder.assetcatalog; path = Assets.xcassets; sourceTree = "<group>"; };
		DCA72E4A1C98079F002333A1 /* Base */ = {isa = PBXFileReference; lastKnownFileType = file.storyboard; name = Base; path = Base.lproj/LaunchScreen.storyboard; sourceTree = "<group>"; };
		DCA72E4C1C98079F002333A1 /* Info.plist */ = {isa = PBXFileReference; lastKnownFileType = text.plist.xml; path = Info.plist; sourceTree = "<group>"; };
		DCA72E521C9807D6002333A1 /* UsefullMobileView.h */ = {isa = PBXFileReference; fileEncoding = 4; lastKnownFileType = sourcecode.c.h; path = UsefullMobileView.h; sourceTree = "<group>"; };
		DCA72E531C9807D6002333A1 /* UsefullMobileView.m */ = {isa = PBXFileReference; fileEncoding = 4; lastKnownFileType = sourcecode.c.objc; path = UsefullMobileView.m; sourceTree = "<group>"; };
		DCA72E561C98080D002333A1 /* mobileOne.h */ = {isa = PBXFileReference; fileEncoding = 4; lastKnownFileType = sourcecode.c.h; path = mobileOne.h; sourceTree = "<group>"; };
		DCA72E571C98080D002333A1 /* mobileOne.m */ = {isa = PBXFileReference; fileEncoding = 4; lastKnownFileType = sourcecode.c.objc; path = mobileOne.m; sourceTree = "<group>"; };
		DCA72E5A1C980C1B002333A1 /* mobileTwo.h */ = {isa = PBXFileReference; fileEncoding = 4; lastKnownFileType = sourcecode.c.h; path = mobileTwo.h; sourceTree = "<group>"; };
		DCA72E5B1C980C1B002333A1 /* mobileTwo.m */ = {isa = PBXFileReference; fileEncoding = 4; lastKnownFileType = sourcecode.c.objc; path = mobileTwo.m; sourceTree = "<group>"; };
		DCA72E5D1C980C30002333A1 /* mobileTree.h */ = {isa = PBXFileReference; fileEncoding = 4; lastKnownFileType = sourcecode.c.h; path = mobileTree.h; sourceTree = "<group>"; };
		DCA72E5E1C980C30002333A1 /* mobileTree.m */ = {isa = PBXFileReference; fileEncoding = 4; lastKnownFileType = sourcecode.c.objc; path = mobileTree.m; sourceTree = "<group>"; };
		DCA72E601C981A81002333A1 /* phone.png */ = {isa = PBXFileReference; lastKnownFileType = image.png; path = phone.png; sourceTree = "<group>"; };
/* End PBXFileReference section */

/* Begin PBXFrameworksBuildPhase section */
		DCA72E351C98079E002333A1 /* Frameworks */ = {
			isa = PBXFrameworksBuildPhase;
			buildActionMask = 2147483647;
			files = (
			);
			runOnlyForDeploymentPostprocessing = 0;
		};
/* End PBXFrameworksBuildPhase section */

/* Begin PBXGroup section */
		DCA72E2F1C98079E002333A1 = {
			isa = PBXGroup;
			children = (
				DCA72E3A1C98079E002333A1 /* usefulMobile */,
				DCA72E391C98079E002333A1 /* Products */,
			);
			sourceTree = "<group>";
		};
		DCA72E391C98079E002333A1 /* Products */ = {
			isa = PBXGroup;
			children = (
				DCA72E381C98079E002333A1 /* usefulMobile.app */,
			);
			name = Products;
			sourceTree = "<group>";
		};
		DCA72E3A1C98079E002333A1 /* usefulMobile */ = {
			isa = PBXGroup;
			children = (
				DCA72E601C981A81002333A1 /* phone.png */,
				DCA72E551C9807DF002333A1 /* view */,
				DCA72E591C980817002333A1 /* cellMobile */,
				DCA72E3E1C98079F002333A1 /* AppDelegate.h */,
				DCA72E3F1C98079F002333A1 /* AppDelegate.m */,
				DCA72E441C98079F002333A1 /* Main.storyboard */,
				DCA72E471C98079F002333A1 /* Assets.xcassets */,
				DCA72E491C98079F002333A1 /* LaunchScreen.storyboard */,
				DCA72E4C1C98079F002333A1 /* Info.plist */,
				DCA72E3B1C98079F002333A1 /* Supporting Files */,
			);
			path = usefulMobile;
			sourceTree = "<group>";
		};
		DCA72E3B1C98079F002333A1 /* Supporting Files */ = {
			isa = PBXGroup;
			children = (
				DCA72E3C1C98079F002333A1 /* main.m */,
			);
			name = "Supporting Files";
			sourceTree = "<group>";
		};
		DCA72E551C9807DF002333A1 /* view */ = {
			isa = PBXGroup;
			children = (
				DCA72E521C9807D6002333A1 /* UsefullMobileView.h */,
				DCA72E531C9807D6002333A1 /* UsefullMobileView.m */,
			);
			name = view;
			sourceTree = "<group>";
		};
		DCA72E591C980817002333A1 /* cellMobile */ = {
			isa = PBXGroup;
			children = (
				DCA72E561C98080D002333A1 /* mobileOne.h */,
				DCA72E571C98080D002333A1 /* mobileOne.m */,
				DCA72E5A1C980C1B002333A1 /* mobileTwo.h */,
				DCA72E5B1C980C1B002333A1 /* mobileTwo.m */,
				DCA72E5D1C980C30002333A1 /* mobileTree.h */,
				DCA72E5E1C980C30002333A1 /* mobileTree.m */,
			);
			name = cellMobile;
			sourceTree = "<group>";
		};
/* End PBXGroup section */

/* Begin PBXNativeTarget section */
		DCA72E371C98079E002333A1 /* usefulMobile */ = {
			isa = PBXNativeTarget;
			buildConfigurationList = DCA72E4F1C98079F002333A1 /* Build configuration list for PBXNativeTarget "usefulMobile" */;
			buildPhases = (
				DCA72E341C98079E002333A1 /* Sources */,
				DCA72E351C98079E002333A1 /* Frameworks */,
				DCA72E361C98079E002333A1 /* Resources */,
			);
			buildRules = (
			);
			dependencies = (
			);
			name = usefulMobile;
			productName = usefulMobile;
			productReference = DCA72E381C98079E002333A1 /* usefulMobile.app */;
			productType = "com.apple.product-type.application";
		};
/* End PBXNativeTarget section */

/* Begin PBXProject section */
		DCA72E301C98079E002333A1 /* Project object */ = {
			isa = PBXProject;
			attributes = {
				LastUpgradeCheck = 0720;
				ORGANIZATIONNAME = alanwu;
				TargetAttributes = {
					DCA72E371C98079E002333A1 = {
						CreatedOnToolsVersion = 7.2;
					};
				};
			};
			buildConfigurationList = DCA72E331C98079E002333A1 /* Build configuration list for PBXProject "usefulMobile" */;
			compatibilityVersion = "Xcode 3.2";
			developmentRegion = English;
			hasScannedForEncodings = 0;
			knownRegions = (
				en,
				Base,
			);
			mainGroup = DCA72E2F1C98079E002333A1;
			productRefGroup = DCA72E391C98079E002333A1 /* Products */;
			projectDirPath = "";
			projectRoot = "";
			targets = (
				DCA72E371C98079E002333A1 /* usefulMobile */,
			);
		};
/* End PBXProject section */

/* Begin PBXResourcesBuildPhase section */
		DCA72E361C98079E002333A1 /* Resources */ = {
			isa = PBXResourcesBuildPhase;
			buildActionMask = 2147483647;
			files = (
				DCA72E4B1C98079F002333A1 /* LaunchScreen.storyboard in Resources */,
				DCA72E481C98079F002333A1 /* Assets.xcassets in Resources */,
				DCA72E611C981A81002333A1 /* phone.png in Resources */,
				DCA72E461C98079F002333A1 /* Main.storyboard in Resources */,
			);
			runOnlyForDeploymentPostprocessing = 0;
		};
/* End PBXResourcesBuildPhase section */

/* Begin PBXSourcesBuildPhase section */
		DCA72E341C98079E002333A1 /* Sources */ = {
			isa = PBXSourcesBuildPhase;
			buildActionMask = 2147483647;
			files = (
				DCA72E581C98080D002333A1 /* mobileOne.m in Sources */,
				DCA72E5F1C980C30002333A1 /* mobileTree.m in Sources */,
				DCA72E5C1C980C1B002333A1 /* mobileTwo.m in Sources */,
				DCA72E401C98079F002333A1 /* AppDelegate.m in Sources */,
				DCA72E541C9807D6002333A1 /* UsefullMobileView.m in Sources */,
				DCA72E3D1C98079F002333A1 /* main.m in Sources */,
			);
			runOnlyForDeploymentPostprocessing = 0;
		};
/* End PBXSourcesBuildPhase section */

/* Begin PBXVariantGroup section */
		DCA72E441C98079F002333A1 /* Main.storyboard */ = {
			isa = PBXVariantGroup;
			children = (
				DCA72E451C98079F002333A1 /* Base */,
			);
			name = Main.storyboard;
			sourceTree = "<group>";
		};
		DCA72E491C98079F002333A1 /* LaunchScreen.storyboard */ = {
			isa = PBXVariantGroup;
			children = (
				DCA72E4A1C98079F002333A1 /* Base */,
			);
			name = LaunchScreen.storyboard;
			sourceTree = "<group>";
		};
/* End PBXVariantGroup section */

/* Begin XCBuildConfiguration section */
		DCA72E4D1C98079F002333A1 /* Debug */ = {
			isa = XCBuildConfiguration;
			buildSettings = {
				ALWAYS_SEARCH_USER_PATHS = NO;
				CLANG_CXX_LANGUAGE_STANDARD = "gnu++0x";
				CLANG_CXX_LIBRARY = "libc++";
				CLANG_ENABLE_MODULES = YES;
				CLANG_ENABLE_OBJC_ARC = YES;
				CLANG_WARN_BOOL_CONVERSION = YES;
				CLANG_WARN_CONSTANT_CONVERSION = YES;
				CLANG_WARN_DIRECT_OBJC_ISA_USAGE = YES_ERROR;
				CLANG_WARN_EMPTY_BODY = YES;
				CLANG_WARN_ENUM_CONVERSION = YES;
				CLANG_WARN_INT_CONVERSION = YES;
				CLANG_WARN_OBJC_ROOT_CLASS = YES_ERROR;
				CLANG_WARN_UNREACHABLE_CODE = YES;
				CLANG_WARN__DUPLICATE_METHOD_MATCH = YES;
				"CODE_SIGN_IDENTITY[sdk=iphoneos*]" = "iPhone Developer";
				COPY_PHASE_STRIP = NO;
				DEBUG_INFORMATION_FORMAT = dwarf;
				ENABLE_STRICT_OBJC_MSGSEND = YES;
				ENABLE_TESTABILITY = YES;
				GCC_C_LANGUAGE_STANDARD = gnu99;
				GCC_DYNAMIC_NO_PIC = NO;
				GCC_NO_COMMON_BLOCKS = YES;
				GCC_OPTIMIZATION_LEVEL = 0;
				GCC_PREPROCESSOR_DEFINITIONS = (
					"DEBUG=1",
					"$(inherited)",
				);
				GCC_WARN_64_TO_32_BIT_CONVERSION = YES;
				GCC_WARN_ABOUT_RETURN_TYPE = YES_ERROR;
				GCC_WARN_UNDECLARED_SELECTOR = YES;
				GCC_WARN_UNINITIALIZED_AUTOS = YES_AGGRESSIVE;
				GCC_WARN_UNUSED_FUNCTION = YES;
				GCC_WARN_UNUSED_VARIABLE = YES;
				IPHONEOS_DEPLOYMENT_TARGET = 9.2;
				MTL_ENABLE_DEBUG_INFO = YES;
				ONLY_ACTIVE_ARCH = YES;
				SDKROOT = iphoneos;
			};
			name = Debug;
		};
		DCA72E4E1C98079F002333A1 /* Release */ = {
			isa = XCBuildConfiguration;
			buildSettings = {
				ALWAYS_SEARCH_USER_PATHS = NO;
				CLANG_CXX_LANGUAGE_STANDARD = "gnu++0x";
				CLANG_CXX_LIBRARY = "libc++";
				CLANG_ENABLE_MODULES = YES;
				CLANG_ENABLE_OBJC_ARC = YES;
				CLANG_WARN_BOOL_CONVERSION = YES;
				CLANG_WARN_CONSTANT_CONVERSION = YES;
				CLANG_WARN_DIRECT_OBJC_ISA_USAGE = YES_ERROR;
				CLANG_WARN_EMPTY_BODY = YES;
				CLANG_WARN_ENUM_CONVERSION = YES;
				CLANG_WARN_INT_CONVERSION = YES;
				CLANG_WARN_OBJC_ROOT_CLASS = YES_ERROR;
				CLANG_WARN_UNREACHABLE_CODE = YES;
				CLANG_WARN__DUPLICATE_METHOD_MATCH = YES;
				"CODE_SIGN_IDENTITY[sdk=iphoneos*]" = "iPhone Developer";
				COPY_PHASE_STRIP = NO;
				DEBUG_INFORMATION_FORMAT = "dwarf-with-dsym";
				ENABLE_NS_ASSERTIONS = NO;
				ENABLE_STRICT_OBJC_MSGSEND = YES;
				GCC_C_LANGUAGE_STANDARD = gnu99;
				GCC_NO_COMMON_BLOCKS = YES;
				GCC_WARN_64_TO_32_BIT_CONVERSION = YES;
				GCC_WARN_ABOUT_RETURN_TYPE = YES_ERROR;
				GCC_WARN_UNDECLARED_SELECTOR = YES;
				GCC_WARN_UNINITIALIZED_AUTOS = YES_AGGRESSIVE;
				GCC_WARN_UNUSED_FUNCTION = YES;
				GCC_WARN_UNUSED_VARIABLE = YES;
				IPHONEOS_DEPLOYMENT_TARGET = 9.2;
				MTL_ENABLE_DEBUG_INFO = NO;
				SDKROOT = iphoneos;
				VALIDATE_PRODUCT = YES;
			};
			name = Release;
		};
		DCA72E501C98079F002333A1 /* Debug */ = {
			isa = XCBuildConfiguration;
			buildSettings = {
				ASSETCATALOG_COMPILER_APPICON_NAME = AppIcon;
				INFOPLIST_FILE = usefulMobile/Info.plist;
				LD_RUNPATH_SEARCH_PATHS = "$(inherited) @executable_path/Frameworks";
				PRODUCT_BUNDLE_IDENTIFIER = jobsummer.usefulMobile;
				PRODUCT_NAME = "$(TARGET_NAME)";
			};
			name = Debug;
		};
		DCA72E511C98079F002333A1 /* Release */ = {
			isa = XCBuildConfiguration;
			buildSettings = {
				ASSETCATALOG_COMPILER_APPICON_NAME = AppIcon;
				INFOPLIST_FILE = usefulMobile/Info.plist;
				LD_RUNPATH_SEARCH_PATHS = "$(inherited) @executable_path/Frameworks";
				PRODUCT_BUNDLE_IDENTIFIER = jobsummer.usefulMobile;
				PRODUCT_NAME = "$(TARGET_NAME)";
			};
			name = Release;
		};
/* End XCBuildConfiguration section */

/* Begin XCConfigurationList section */
		DCA72E331C98079E002333A1 /* Build configuration list for PBXProject "usefulMobile" */ = {
			isa = XCConfigurationList;
			buildConfigurations = (
				DCA72E4D1C98079F002333A1 /* Debug */,
				DCA72E4E1C98079F002333A1 /* Release */,
			);
			defaultConfigurationIsVisible = 0;
			defaultConfigurationName = Release;
		};
		DCA72E4F1C98079F002333A1 /* Build configuration list for PBXNativeTarget "usefulMobile" */ = {
			isa = XCConfigurationList;
			buildConfigurations = (
				DCA72E501C98079F002333A1 /* Debug */,
				DCA72E511C98079F002333A1 /* Release */,
			);
			defaultConfigurationIsVisible = 0;
		};
/* End XCConfigurationList section */
	};
	rootObject = DCA72E301C98079E002333A1 /* Project object */;
}
